// !$*UTF8*$!
{
	archiveVersion = 1;
	classes = {
	};
	objectVersion = 56;
	objects = {

/* Begin PBXBuildFile section */
		117419B92BBA958E007DACE7 /* BusStop.swift in Sources */ = {isa = PBXBuildFile; fileRef = 117419B82BBA958E007DACE7 /* BusStop.swift */; };
		118355022BB85FF800DA1DBC /* LocationManager.swift in Sources */ = {isa = PBXBuildFile; fileRef = 118355012BB85FF800DA1DBC /* LocationManager.swift */; };
		1187E3CE2BB41AB30038FBF5 /* TestBlinkApp.swift in Sources */ = {isa = PBXBuildFile; fileRef = 1187E3CD2BB41AB30038FBF5 /* TestBlinkApp.swift */; };
		1187E3D02BB41AB30038FBF5 /* ContentView.swift in Sources */ = {isa = PBXBuildFile; fileRef = 1187E3CF2BB41AB30038FBF5 /* ContentView.swift */; };
		1187E3D22BB41AB50038FBF5 /* Assets.xcassets in Resources */ = {isa = PBXBuildFile; fileRef = 1187E3D12BB41AB50038FBF5 /* Assets.xcassets */; };
		1187E3D62BB41AB50038FBF5 /* Preview Assets.xcassets in Resources */ = {isa = PBXBuildFile; fileRef = 1187E3D52BB41AB50038FBF5 /* Preview Assets.xcassets */; };
		1187E3E02BB41AB50038FBF5 /* TestBlinkTests.swift in Sources */ = {isa = PBXBuildFile; fileRef = 1187E3DF2BB41AB50038FBF5 /* TestBlinkTests.swift */; };
		1187E3EA2BB41AB50038FBF5 /* TestBlinkUITests.swift in Sources */ = {isa = PBXBuildFile; fileRef = 1187E3E92BB41AB50038FBF5 /* TestBlinkUITests.swift */; };
		1187E3EC2BB41AB50038FBF5 /* TestBlinkUITestsLaunchTests.swift in Sources */ = {isa = PBXBuildFile; fileRef = 1187E3EB2BB41AB50038FBF5 /* TestBlinkUITestsLaunchTests.swift */; };
		1187E3FB2BB48D020038FBF5 /* Blink.svg in Resources */ = {isa = PBXBuildFile; fileRef = 1187E3FA2BB48D020038FBF5 /* Blink.svg */; };
		11E1FD672BB5E58D00BC39C9 /* SF-Pro-Display-Regular.otf in Resources */ = {isa = PBXBuildFile; fileRef = 11E1FD652BB5E58D00BC39C9 /* SF-Pro-Display-Regular.otf */; };
		11E1FD682BB5E58D00BC39C9 /* SF-Pro-Display-Bold.otf in Resources */ = {isa = PBXBuildFile; fileRef = 11E1FD662BB5E58D00BC39C9 /* SF-Pro-Display-Bold.otf */; };
		D918E51A2BBBB2170046A806 /* DrawerView.swift in Sources */ = {isa = PBXBuildFile; fileRef = D918E5192BBBB2170046A806 /* DrawerView.swift */; };
		D918E51D2BBBB2F60046A806 /* Drawer in Frameworks */ = {isa = PBXBuildFile; productRef = D918E51C2BBBB2F60046A806 /* Drawer */; };
		D92E2DD52BBAFECD0073FA14 /* NavigationBar.swift in Sources */ = {isa = PBXBuildFile; fileRef = D92E2DD42BBAFECD0073FA14 /* NavigationBar.swift */; };
		D92E2DEA2BBAFF990073FA14 /* OFL.txt in Resources */ = {isa = PBXBuildFile; fileRef = D92E2DD62BBAFF990073FA14 /* OFL.txt */; };
		D92E2DEB2BBAFF990073FA14 /* Poppins-Black.ttf in Resources */ = {isa = PBXBuildFile; fileRef = D92E2DD72BBAFF990073FA14 /* Poppins-Black.ttf */; };
		D92E2DEC2BBAFF990073FA14 /* Poppins-BlackItalic.ttf in Resources */ = {isa = PBXBuildFile; fileRef = D92E2DD82BBAFF990073FA14 /* Poppins-BlackItalic.ttf */; };
		D92E2DED2BBAFF990073FA14 /* Poppins-Bold.ttf in Resources */ = {isa = PBXBuildFile; fileRef = D92E2DD92BBAFF990073FA14 /* Poppins-Bold.ttf */; };
		D92E2DEE2BBAFF990073FA14 /* Poppins-BoldItalic.ttf in Resources */ = {isa = PBXBuildFile; fileRef = D92E2DDA2BBAFF990073FA14 /* Poppins-BoldItalic.ttf */; };
		D92E2DEF2BBAFF990073FA14 /* Poppins-ExtraBold.ttf in Resources */ = {isa = PBXBuildFile; fileRef = D92E2DDB2BBAFF990073FA14 /* Poppins-ExtraBold.ttf */; };
		D92E2DF02BBAFF990073FA14 /* Poppins-ExtraBoldItalic.ttf in Resources */ = {isa = PBXBuildFile; fileRef = D92E2DDC2BBAFF990073FA14 /* Poppins-ExtraBoldItalic.ttf */; };
		D92E2DF12BBAFF990073FA14 /* Poppins-ExtraLight.ttf in Resources */ = {isa = PBXBuildFile; fileRef = D92E2DDD2BBAFF990073FA14 /* Poppins-ExtraLight.ttf */; };
		D92E2DF22BBAFF990073FA14 /* Poppins-ExtraLightItalic.ttf in Resources */ = {isa = PBXBuildFile; fileRef = D92E2DDE2BBAFF990073FA14 /* Poppins-ExtraLightItalic.ttf */; };
		D92E2DF32BBAFF990073FA14 /* Poppins-Italic.ttf in Resources */ = {isa = PBXBuildFile; fileRef = D92E2DDF2BBAFF990073FA14 /* Poppins-Italic.ttf */; };
		D92E2DF42BBAFF990073FA14 /* Poppins-Light.ttf in Resources */ = {isa = PBXBuildFile; fileRef = D92E2DE02BBAFF990073FA14 /* Poppins-Light.ttf */; };
		D92E2DF52BBAFF990073FA14 /* Poppins-LightItalic.ttf in Resources */ = {isa = PBXBuildFile; fileRef = D92E2DE12BBAFF990073FA14 /* Poppins-LightItalic.ttf */; };
		D92E2DF62BBAFF990073FA14 /* Poppins-Medium.ttf in Resources */ = {isa = PBXBuildFile; fileRef = D92E2DE22BBAFF990073FA14 /* Poppins-Medium.ttf */; };
		D92E2DF72BBAFF990073FA14 /* Poppins-MediumItalic.ttf in Resources */ = {isa = PBXBuildFile; fileRef = D92E2DE32BBAFF990073FA14 /* Poppins-MediumItalic.ttf */; };
		D92E2DF82BBAFF990073FA14 /* Poppins-Regular.ttf in Resources */ = {isa = PBXBuildFile; fileRef = D92E2DE42BBAFF990073FA14 /* Poppins-Regular.ttf */; };
		D92E2DF92BBAFF990073FA14 /* Poppins-SemiBold.ttf in Resources */ = {isa = PBXBuildFile; fileRef = D92E2DE52BBAFF990073FA14 /* Poppins-SemiBold.ttf */; };
		D92E2DFA2BBAFF990073FA14 /* Poppins-SemiBoldItalic.ttf in Resources */ = {isa = PBXBuildFile; fileRef = D92E2DE62BBAFF990073FA14 /* Poppins-SemiBoldItalic.ttf */; };
		D92E2DFB2BBAFF990073FA14 /* Poppins-Thin.ttf in Resources */ = {isa = PBXBuildFile; fileRef = D92E2DE72BBAFF990073FA14 /* Poppins-Thin.ttf */; };
		D92E2DFC2BBAFF990073FA14 /* Poppins-ThinItalic.ttf in Resources */ = {isa = PBXBuildFile; fileRef = D92E2DE82BBAFF990073FA14 /* Poppins-ThinItalic.ttf */; };
		D92E2DFF2BBB00EA0073FA14 /* RouteRepository.swift in Sources */ = {isa = PBXBuildFile; fileRef = D92E2DFE2BBB00EA0073FA14 /* RouteRepository.swift */; };
		D92E2E012BBB011F0073FA14 /* BusRepository.swift in Sources */ = {isa = PBXBuildFile; fileRef = D92E2E002BBB011F0073FA14 /* BusRepository.swift */; };
		D92E2E032BBB01480073FA14 /* BusStopRepository.swift in Sources */ = {isa = PBXBuildFile; fileRef = D92E2E022BBB01480073FA14 /* BusStopRepository.swift */; };
		D92E2E052BBB01590073FA14 /* RepositoryProtocol.swift in Sources */ = {isa = PBXBuildFile; fileRef = D92E2E042BBB01590073FA14 /* RepositoryProtocol.swift */; };
		D92E2E072BBB016D0073FA14 /* GlobalValueProvider.swift in Sources */ = {isa = PBXBuildFile; fileRef = D92E2E062BBB016D0073FA14 /* GlobalValueProvider.swift */; };
		D92E2E0B2BBB01BC0073FA14 /* RouteController.swift in Sources */ = {isa = PBXBuildFile; fileRef = D92E2E0A2BBB01BC0073FA14 /* RouteController.swift */; };
		D92E2E0E2BBB01E10073FA14 /* Bus.swift in Sources */ = {isa = PBXBuildFile; fileRef = D92E2E0D2BBB01E10073FA14 /* Bus.swift */; };
		D92E2E102BBB01EF0073FA14 /* Route.swift in Sources */ = {isa = PBXBuildFile; fileRef = D92E2E0F2BBB01EF0073FA14 /* Route.swift */; };
		D92E2E122BBB01F90073FA14 /* BusStop.swift in Sources */ = {isa = PBXBuildFile; fileRef = D92E2E112BBB01F90073FA14 /* BusStop.swift */; };
		D92E2E162BBB02270073FA14 /* Locations.swift in Sources */ = {isa = PBXBuildFile; fileRef = D92E2E152BBB02270073FA14 /* Locations.swift */; };
		D92E2E192BBB04070073FA14 /* ScheduleScreen.swift in Sources */ = {isa = PBXBuildFile; fileRef = D92E2E182BBB04070073FA14 /* ScheduleScreen.swift */; };
		D92E2E1B2BBB041C0073FA14 /* FullRoutesScreen.swift in Sources */ = {isa = PBXBuildFile; fileRef = D92E2E1A2BBB041C0073FA14 /* FullRoutesScreen.swift */; };
		D92E2E1D2BBB042E0073FA14 /* SettingScreen.swift in Sources */ = {isa = PBXBuildFile; fileRef = D92E2E1C2BBB042E0073FA14 /* SettingScreen.swift */; };
		D92E2E1F2BBB07B50073FA14 /* LogoView.swift in Sources */ = {isa = PBXBuildFile; fileRef = D92E2E1E2BBB07B50073FA14 /* LogoView.swift */; };
/* End PBXBuildFile section */

/* Begin PBXContainerItemProxy section */
		1187E3DC2BB41AB50038FBF5 /* PBXContainerItemProxy */ = {
			isa = PBXContainerItemProxy;
			containerPortal = 1187E3C22BB41AB30038FBF5 /* Project object */;
			proxyType = 1;
			remoteGlobalIDString = 1187E3C92BB41AB30038FBF5;
			remoteInfo = TestBlink;
		};
		1187E3E62BB41AB50038FBF5 /* PBXContainerItemProxy */ = {
			isa = PBXContainerItemProxy;
			containerPortal = 1187E3C22BB41AB30038FBF5 /* Project object */;
			proxyType = 1;
			remoteGlobalIDString = 1187E3C92BB41AB30038FBF5;
			remoteInfo = TestBlink;
		};
/* End PBXContainerItemProxy section */

/* Begin PBXFileReference section */
		117419B82BBA958E007DACE7 /* BusStop.swift */ = {isa = PBXFileReference; lastKnownFileType = sourcecode.swift; path = BusStop.swift; sourceTree = "<group>"; };
		118355012BB85FF800DA1DBC /* LocationManager.swift */ = {isa = PBXFileReference; lastKnownFileType = sourcecode.swift; path = LocationManager.swift; sourceTree = "<group>"; };
		1187E3CA2BB41AB30038FBF5 /* TestBlink.app */ = {isa = PBXFileReference; explicitFileType = wrapper.application; includeInIndex = 0; path = TestBlink.app; sourceTree = BUILT_PRODUCTS_DIR; };
		1187E3CD2BB41AB30038FBF5 /* TestBlinkApp.swift */ = {isa = PBXFileReference; lastKnownFileType = sourcecode.swift; path = TestBlinkApp.swift; sourceTree = "<group>"; };
		1187E3CF2BB41AB30038FBF5 /* ContentView.swift */ = {isa = PBXFileReference; lastKnownFileType = sourcecode.swift; path = ContentView.swift; sourceTree = "<group>"; };
		1187E3D12BB41AB50038FBF5 /* Assets.xcassets */ = {isa = PBXFileReference; lastKnownFileType = folder.assetcatalog; path = Assets.xcassets; sourceTree = "<group>"; };
		1187E3D32BB41AB50038FBF5 /* TestBlink.entitlements */ = {isa = PBXFileReference; lastKnownFileType = text.plist.entitlements; path = TestBlink.entitlements; sourceTree = "<group>"; };
		1187E3D52BB41AB50038FBF5 /* Preview Assets.xcassets */ = {isa = PBXFileReference; lastKnownFileType = folder.assetcatalog; path = "Preview Assets.xcassets"; sourceTree = "<group>"; };
		1187E3DB2BB41AB50038FBF5 /* TestBlinkTests.xctest */ = {isa = PBXFileReference; explicitFileType = wrapper.cfbundle; includeInIndex = 0; path = TestBlinkTests.xctest; sourceTree = BUILT_PRODUCTS_DIR; };
		1187E3DF2BB41AB50038FBF5 /* TestBlinkTests.swift */ = {isa = PBXFileReference; lastKnownFileType = sourcecode.swift; path = TestBlinkTests.swift; sourceTree = "<group>"; };
		1187E3E52BB41AB50038FBF5 /* TestBlinkUITests.xctest */ = {isa = PBXFileReference; explicitFileType = wrapper.cfbundle; includeInIndex = 0; path = TestBlinkUITests.xctest; sourceTree = BUILT_PRODUCTS_DIR; };
		1187E3E92BB41AB50038FBF5 /* TestBlinkUITests.swift */ = {isa = PBXFileReference; lastKnownFileType = sourcecode.swift; path = TestBlinkUITests.swift; sourceTree = "<group>"; };
		1187E3EB2BB41AB50038FBF5 /* TestBlinkUITestsLaunchTests.swift */ = {isa = PBXFileReference; lastKnownFileType = sourcecode.swift; path = TestBlinkUITestsLaunchTests.swift; sourceTree = "<group>"; };
		1187E3FA2BB48D020038FBF5 /* Blink.svg */ = {isa = PBXFileReference; fileEncoding = 4; lastKnownFileType = text; path = Blink.svg; sourceTree = "<group>"; };
		11E1FD652BB5E58D00BC39C9 /* SF-Pro-Display-Regular.otf */ = {isa = PBXFileReference; lastKnownFileType = file; path = "SF-Pro-Display-Regular.otf"; sourceTree = "<group>"; };
		11E1FD662BB5E58D00BC39C9 /* SF-Pro-Display-Bold.otf */ = {isa = PBXFileReference; lastKnownFileType = file; path = "SF-Pro-Display-Bold.otf"; sourceTree = "<group>"; };
		D918E5192BBBB2170046A806 /* DrawerView.swift */ = {isa = PBXFileReference; lastKnownFileType = sourcecode.swift; path = DrawerView.swift; sourceTree = "<group>"; };
		D92E2DD42BBAFECD0073FA14 /* NavigationBar.swift */ = {isa = PBXFileReference; lastKnownFileType = sourcecode.swift; path = NavigationBar.swift; sourceTree = "<group>"; };
		D92E2DD62BBAFF990073FA14 /* OFL.txt */ = {isa = PBXFileReference; fileEncoding = 4; lastKnownFileType = text; path = OFL.txt; sourceTree = "<group>"; };
		D92E2DD72BBAFF990073FA14 /* Poppins-Black.ttf */ = {isa = PBXFileReference; lastKnownFileType = file; path = "Poppins-Black.ttf"; sourceTree = "<group>"; };
		D92E2DD82BBAFF990073FA14 /* Poppins-BlackItalic.ttf */ = {isa = PBXFileReference; lastKnownFileType = file; path = "Poppins-BlackItalic.ttf"; sourceTree = "<group>"; };
		D92E2DD92BBAFF990073FA14 /* Poppins-Bold.ttf */ = {isa = PBXFileReference; lastKnownFileType = file; path = "Poppins-Bold.ttf"; sourceTree = "<group>"; };
		D92E2DDA2BBAFF990073FA14 /* Poppins-BoldItalic.ttf */ = {isa = PBXFileReference; lastKnownFileType = file; path = "Poppins-BoldItalic.ttf"; sourceTree = "<group>"; };
		D92E2DDB2BBAFF990073FA14 /* Poppins-ExtraBold.ttf */ = {isa = PBXFileReference; lastKnownFileType = file; path = "Poppins-ExtraBold.ttf"; sourceTree = "<group>"; };
		D92E2DDC2BBAFF990073FA14 /* Poppins-ExtraBoldItalic.ttf */ = {isa = PBXFileReference; lastKnownFileType = file; path = "Poppins-ExtraBoldItalic.ttf"; sourceTree = "<group>"; };
		D92E2DDD2BBAFF990073FA14 /* Poppins-ExtraLight.ttf */ = {isa = PBXFileReference; lastKnownFileType = file; path = "Poppins-ExtraLight.ttf"; sourceTree = "<group>"; };
		D92E2DDE2BBAFF990073FA14 /* Poppins-ExtraLightItalic.ttf */ = {isa = PBXFileReference; lastKnownFileType = file; path = "Poppins-ExtraLightItalic.ttf"; sourceTree = "<group>"; };
		D92E2DDF2BBAFF990073FA14 /* Poppins-Italic.ttf */ = {isa = PBXFileReference; lastKnownFileType = file; path = "Poppins-Italic.ttf"; sourceTree = "<group>"; };
		D92E2DE02BBAFF990073FA14 /* Poppins-Light.ttf */ = {isa = PBXFileReference; lastKnownFileType = file; path = "Poppins-Light.ttf"; sourceTree = "<group>"; };
		D92E2DE12BBAFF990073FA14 /* Poppins-LightItalic.ttf */ = {isa = PBXFileReference; lastKnownFileType = file; path = "Poppins-LightItalic.ttf"; sourceTree = "<group>"; };
		D92E2DE22BBAFF990073FA14 /* Poppins-Medium.ttf */ = {isa = PBXFileReference; lastKnownFileType = file; path = "Poppins-Medium.ttf"; sourceTree = "<group>"; };
		D92E2DE32BBAFF990073FA14 /* Poppins-MediumItalic.ttf */ = {isa = PBXFileReference; lastKnownFileType = file; path = "Poppins-MediumItalic.ttf"; sourceTree = "<group>"; };
		D92E2DE42BBAFF990073FA14 /* Poppins-Regular.ttf */ = {isa = PBXFileReference; lastKnownFileType = file; path = "Poppins-Regular.ttf"; sourceTree = "<group>"; };
		D92E2DE52BBAFF990073FA14 /* Poppins-SemiBold.ttf */ = {isa = PBXFileReference; lastKnownFileType = file; path = "Poppins-SemiBold.ttf"; sourceTree = "<group>"; };
		D92E2DE62BBAFF990073FA14 /* Poppins-SemiBoldItalic.ttf */ = {isa = PBXFileReference; lastKnownFileType = file; path = "Poppins-SemiBoldItalic.ttf"; sourceTree = "<group>"; };
		D92E2DE72BBAFF990073FA14 /* Poppins-Thin.ttf */ = {isa = PBXFileReference; lastKnownFileType = file; path = "Poppins-Thin.ttf"; sourceTree = "<group>"; };
		D92E2DE82BBAFF990073FA14 /* Poppins-ThinItalic.ttf */ = {isa = PBXFileReference; lastKnownFileType = file; path = "Poppins-ThinItalic.ttf"; sourceTree = "<group>"; };
		D92E2DFE2BBB00EA0073FA14 /* RouteRepository.swift */ = {isa = PBXFileReference; lastKnownFileType = sourcecode.swift; path = RouteRepository.swift; sourceTree = "<group>"; };
		D92E2E002BBB011F0073FA14 /* BusRepository.swift */ = {isa = PBXFileReference; lastKnownFileType = sourcecode.swift; path = BusRepository.swift; sourceTree = "<group>"; };
		D92E2E022BBB01480073FA14 /* BusStopRepository.swift */ = {isa = PBXFileReference; lastKnownFileType = sourcecode.swift; path = BusStopRepository.swift; sourceTree = "<group>"; };
		D92E2E042BBB01590073FA14 /* RepositoryProtocol.swift */ = {isa = PBXFileReference; lastKnownFileType = sourcecode.swift; path = RepositoryProtocol.swift; sourceTree = "<group>"; };
		D92E2E062BBB016D0073FA14 /* GlobalValueProvider.swift */ = {isa = PBXFileReference; lastKnownFileType = sourcecode.swift; path = GlobalValueProvider.swift; sourceTree = "<group>"; };
		D92E2E0A2BBB01BC0073FA14 /* RouteController.swift */ = {isa = PBXFileReference; lastKnownFileType = sourcecode.swift; path = RouteController.swift; sourceTree = "<group>"; };
		D92E2E0D2BBB01E10073FA14 /* Bus.swift */ = {isa = PBXFileReference; lastKnownFileType = sourcecode.swift; path = Bus.swift; sourceTree = "<group>"; };
		D92E2E0F2BBB01EF0073FA14 /* Route.swift */ = {isa = PBXFileReference; lastKnownFileType = sourcecode.swift; path = Route.swift; sourceTree = "<group>"; };
		D92E2E112BBB01F90073FA14 /* BusStop.swift */ = {isa = PBXFileReference; lastKnownFileType = sourcecode.swift; path = BusStop.swift; sourceTree = "<group>"; };
		D92E2E152BBB02270073FA14 /* Locations.swift */ = {isa = PBXFileReference; lastKnownFileType = sourcecode.swift; path = Locations.swift; sourceTree = "<group>"; };
		D92E2E182BBB04070073FA14 /* ScheduleScreen.swift */ = {isa = PBXFileReference; lastKnownFileType = sourcecode.swift; path = ScheduleScreen.swift; sourceTree = "<group>"; };
		D92E2E1A2BBB041C0073FA14 /* FullRoutesScreen.swift */ = {isa = PBXFileReference; lastKnownFileType = sourcecode.swift; path = FullRoutesScreen.swift; sourceTree = "<group>"; };
		D92E2E1C2BBB042E0073FA14 /* SettingScreen.swift */ = {isa = PBXFileReference; lastKnownFileType = sourcecode.swift; path = SettingScreen.swift; sourceTree = "<group>"; };
		D92E2E1E2BBB07B50073FA14 /* LogoView.swift */ = {isa = PBXFileReference; lastKnownFileType = sourcecode.swift; path = LogoView.swift; sourceTree = "<group>"; };
/* End PBXFileReference section */

/* Begin PBXFrameworksBuildPhase section */
		1187E3C72BB41AB30038FBF5 /* Frameworks */ = {
			isa = PBXFrameworksBuildPhase;
			buildActionMask = 2147483647;
			files = (
				D918E51D2BBBB2F60046A806 /* Drawer in Frameworks */,
			);
			runOnlyForDeploymentPostprocessing = 0;
		};
		1187E3D82BB41AB50038FBF5 /* Frameworks */ = {
			isa = PBXFrameworksBuildPhase;
			buildActionMask = 2147483647;
			files = (
			);
			runOnlyForDeploymentPostprocessing = 0;
		};
		1187E3E22BB41AB50038FBF5 /* Frameworks */ = {
			isa = PBXFrameworksBuildPhase;
			buildActionMask = 2147483647;
			files = (
			);
			runOnlyForDeploymentPostprocessing = 0;
		};
/* End PBXFrameworksBuildPhase section */

/* Begin PBXGroup section */
		117419B72BBA952B007DACE7 /* Model */ = {
			isa = PBXGroup;
			children = (
				117419B82BBA958E007DACE7 /* BusStop.swift */,
			);
			path = Model;
			sourceTree = "<group>";
		};
		1187E3C12BB41AB30038FBF5 = {
			isa = PBXGroup;
			children = (
				118355012BB85FF800DA1DBC /* LocationManager.swift */,
				1187E3CC2BB41AB30038FBF5 /* TestBlink */,
				1187E3DE2BB41AB50038FBF5 /* TestBlinkTests */,
				1187E3E82BB41AB50038FBF5 /* TestBlinkUITests */,
				1187E3CB2BB41AB30038FBF5 /* Products */,
			);
			sourceTree = "<group>";
		};
		1187E3CB2BB41AB30038FBF5 /* Products */ = {
			isa = PBXGroup;
			children = (
				1187E3CA2BB41AB30038FBF5 /* TestBlink.app */,
				1187E3DB2BB41AB50038FBF5 /* TestBlinkTests.xctest */,
				1187E3E52BB41AB50038FBF5 /* TestBlinkUITests.xctest */,
			);
			name = Products;
			sourceTree = "<group>";
		};
		1187E3CC2BB41AB30038FBF5 /* TestBlink */ = {
			isa = PBXGroup;
			children = (
				D92E2E0C2BBB01D60073FA14 /* Models */,
				D92E2E092BBB01AA0073FA14 /* Controllers */,
				D92E2E082BBB01950073FA14 /* ViewModels */,
				D92E2DFD2BBB00C20073FA14 /* Repositories */,
				1187E3F92BB48CBB0038FBF5 /* Asset */,
				1187E3F82BB48CAD0038FBF5 /* View */,
				1187E3CD2BB41AB30038FBF5 /* TestBlinkApp.swift */,
				1187E3D32BB41AB50038FBF5 /* TestBlink.entitlements */,
				1187E3D42BB41AB50038FBF5 /* Preview Content */,
			);
			path = TestBlink;
			sourceTree = "<group>";
		};
		1187E3D42BB41AB50038FBF5 /* Preview Content */ = {
			isa = PBXGroup;
			children = (
				1187E3D52BB41AB50038FBF5 /* Preview Assets.xcassets */,
			);
			path = "Preview Content";
			sourceTree = "<group>";
		};
		1187E3DE2BB41AB50038FBF5 /* TestBlinkTests */ = {
			isa = PBXGroup;
			children = (
				1187E3DF2BB41AB50038FBF5 /* TestBlinkTests.swift */,
			);
			path = TestBlinkTests;
			sourceTree = "<group>";
		};
		1187E3E82BB41AB50038FBF5 /* TestBlinkUITests */ = {
			isa = PBXGroup;
			children = (
				1187E3E92BB41AB50038FBF5 /* TestBlinkUITests.swift */,
				1187E3EB2BB41AB50038FBF5 /* TestBlinkUITestsLaunchTests.swift */,
			);
			path = TestBlinkUITests;
			sourceTree = "<group>";
		};
		1187E3F82BB48CAD0038FBF5 /* View */ = {
			isa = PBXGroup;
			children = (
				D92E2E172BBB02A50073FA14 /* Components */,
				1187E3CF2BB41AB30038FBF5 /* ContentView.swift */,
				D92E2DD42BBAFECD0073FA14 /* NavigationBar.swift */,
				D92E2E182BBB04070073FA14 /* ScheduleScreen.swift */,
				D92E2E1A2BBB041C0073FA14 /* FullRoutesScreen.swift */,
				D92E2E1C2BBB042E0073FA14 /* SettingScreen.swift */,
			);
			path = View;
			sourceTree = "<group>";
		};
		1187E3F92BB48CBB0038FBF5 /* Asset */ = {
			isa = PBXGroup;
			children = (
				1187E3D12BB41AB50038FBF5 /* Assets.xcassets */,
				1187E3FA2BB48D020038FBF5 /* Blink.svg */,
				11E1FD642BB5E55A00BC39C9 /* Fonts */,
			);
			path = Asset;
			sourceTree = "<group>";
		};
		11E1FD642BB5E55A00BC39C9 /* Fonts */ = {
			isa = PBXGroup;
			children = (
				D92E2DE92BBAFF990073FA14 /* Poppins */,
				11E1FD662BB5E58D00BC39C9 /* SF-Pro-Display-Bold.otf */,
				11E1FD652BB5E58D00BC39C9 /* SF-Pro-Display-Regular.otf */,
			);
			path = Fonts;
			sourceTree = "<group>";
		};
		D92E2DE92BBAFF990073FA14 /* Poppins */ = {
			isa = PBXGroup;
			children = (
				D92E2DD62BBAFF990073FA14 /* OFL.txt */,
				D92E2DD72BBAFF990073FA14 /* Poppins-Black.ttf */,
				D92E2DD82BBAFF990073FA14 /* Poppins-BlackItalic.ttf */,
				D92E2DD92BBAFF990073FA14 /* Poppins-Bold.ttf */,
				D92E2DDA2BBAFF990073FA14 /* Poppins-BoldItalic.ttf */,
				D92E2DDB2BBAFF990073FA14 /* Poppins-ExtraBold.ttf */,
				D92E2DDC2BBAFF990073FA14 /* Poppins-ExtraBoldItalic.ttf */,
				D92E2DDD2BBAFF990073FA14 /* Poppins-ExtraLight.ttf */,
				D92E2DDE2BBAFF990073FA14 /* Poppins-ExtraLightItalic.ttf */,
				D92E2DDF2BBAFF990073FA14 /* Poppins-Italic.ttf */,
				D92E2DE02BBAFF990073FA14 /* Poppins-Light.ttf */,
				D92E2DE12BBAFF990073FA14 /* Poppins-LightItalic.ttf */,
				D92E2DE22BBAFF990073FA14 /* Poppins-Medium.ttf */,
				D92E2DE32BBAFF990073FA14 /* Poppins-MediumItalic.ttf */,
				D92E2DE42BBAFF990073FA14 /* Poppins-Regular.ttf */,
				D92E2DE52BBAFF990073FA14 /* Poppins-SemiBold.ttf */,
				D92E2DE62BBAFF990073FA14 /* Poppins-SemiBoldItalic.ttf */,
				D92E2DE72BBAFF990073FA14 /* Poppins-Thin.ttf */,
				D92E2DE82BBAFF990073FA14 /* Poppins-ThinItalic.ttf */,
			);
			name = Poppins;
			path = ../../../../../../Downloads/Poppins;
			sourceTree = "<group>";
		};
		D92E2DFD2BBB00C20073FA14 /* Repositories */ = {
			isa = PBXGroup;
			children = (
				D92E2DFE2BBB00EA0073FA14 /* RouteRepository.swift */,
				D92E2E002BBB011F0073FA14 /* BusRepository.swift */,
				D92E2E022BBB01480073FA14 /* BusStopRepository.swift */,
				D92E2E042BBB01590073FA14 /* RepositoryProtocol.swift */,
				D92E2E062BBB016D0073FA14 /* GlobalValueProvider.swift */,
			);
			path = Repositories;
			sourceTree = "<group>";
		};
		D92E2E082BBB01950073FA14 /* ViewModels */ = {
			isa = PBXGroup;
			children = (
			);
			path = ViewModels;
			sourceTree = "<group>";
		};
		D92E2E092BBB01AA0073FA14 /* Controllers */ = {
			isa = PBXGroup;
			children = (
				D92E2E0A2BBB01BC0073FA14 /* RouteController.swift */,
			);
			path = Controllers;
			sourceTree = "<group>";
		};
		D92E2E0C2BBB01D60073FA14 /* Models */ = {
			isa = PBXGroup;
			children = (
				D92E2E142BBB02190073FA14 /* Extensions */,
				D92E2E0D2BBB01E10073FA14 /* Bus.swift */,
				D92E2E0F2BBB01EF0073FA14 /* Route.swift */,
				D92E2E112BBB01F90073FA14 /* BusStop.swift */,
			);
			path = Models;
			sourceTree = "<group>";
		};
		D92E2E142BBB02190073FA14 /* Extensions */ = {
			isa = PBXGroup;
			children = (
				D92E2E152BBB02270073FA14 /* Locations.swift */,
			);
			path = Extensions;
			sourceTree = "<group>";
		};
		D92E2E172BBB02A50073FA14 /* Components */ = {
			isa = PBXGroup;
			children = (
				D92E2E1E2BBB07B50073FA14 /* LogoView.swift */,
				D918E5192BBBB2170046A806 /* DrawerView.swift */,
			);
			path = Components;
			sourceTree = "<group>";
		};
/* End PBXGroup section */

/* Begin PBXNativeTarget section */
		1187E3C92BB41AB30038FBF5 /* TestBlink */ = {
			isa = PBXNativeTarget;
			buildConfigurationList = 1187E3EF2BB41AB50038FBF5 /* Build configuration list for PBXNativeTarget "TestBlink" */;
			buildPhases = (
				1187E3C62BB41AB30038FBF5 /* Sources */,
				1187E3C72BB41AB30038FBF5 /* Frameworks */,
				1187E3C82BB41AB30038FBF5 /* Resources */,
			);
			buildRules = (
			);
			dependencies = (
			);
			name = TestBlink;
			packageProductDependencies = (
				D918E51C2BBBB2F60046A806 /* Drawer */,
			);
			productName = TestBlink;
			productReference = 1187E3CA2BB41AB30038FBF5 /* TestBlink.app */;
			productType = "com.apple.product-type.application";
		};
		1187E3DA2BB41AB50038FBF5 /* TestBlinkTests */ = {
			isa = PBXNativeTarget;
			buildConfigurationList = 1187E3F22BB41AB50038FBF5 /* Build configuration list for PBXNativeTarget "TestBlinkTests" */;
			buildPhases = (
				1187E3D72BB41AB50038FBF5 /* Sources */,
				1187E3D82BB41AB50038FBF5 /* Frameworks */,
				1187E3D92BB41AB50038FBF5 /* Resources */,
			);
			buildRules = (
			);
			dependencies = (
				1187E3DD2BB41AB50038FBF5 /* PBXTargetDependency */,
			);
			name = TestBlinkTests;
			productName = TestBlinkTests;
			productReference = 1187E3DB2BB41AB50038FBF5 /* TestBlinkTests.xctest */;
			productType = "com.apple.product-type.bundle.unit-test";
		};
		1187E3E42BB41AB50038FBF5 /* TestBlinkUITests */ = {
			isa = PBXNativeTarget;
			buildConfigurationList = 1187E3F52BB41AB50038FBF5 /* Build configuration list for PBXNativeTarget "TestBlinkUITests" */;
			buildPhases = (
				1187E3E12BB41AB50038FBF5 /* Sources */,
				1187E3E22BB41AB50038FBF5 /* Frameworks */,
				1187E3E32BB41AB50038FBF5 /* Resources */,
			);
			buildRules = (
			);
			dependencies = (
				1187E3E72BB41AB50038FBF5 /* PBXTargetDependency */,
			);
			name = TestBlinkUITests;
			productName = TestBlinkUITests;
			productReference = 1187E3E52BB41AB50038FBF5 /* TestBlinkUITests.xctest */;
			productType = "com.apple.product-type.bundle.ui-testing";
		};
/* End PBXNativeTarget section */

/* Begin PBXProject section */
		1187E3C22BB41AB30038FBF5 /* Project object */ = {
			isa = PBXProject;
			attributes = {
				BuildIndependentTargetsInParallel = 1;
				LastSwiftUpdateCheck = 1520;
				LastUpgradeCheck = 1530;
				TargetAttributes = {
					1187E3C92BB41AB30038FBF5 = {
						CreatedOnToolsVersion = 15.2;
					};
					1187E3DA2BB41AB50038FBF5 = {
						CreatedOnToolsVersion = 15.2;
						TestTargetID = 1187E3C92BB41AB30038FBF5;
					};
					1187E3E42BB41AB50038FBF5 = {
						CreatedOnToolsVersion = 15.2;
						TestTargetID = 1187E3C92BB41AB30038FBF5;
					};
				};
			};
			buildConfigurationList = 1187E3C52BB41AB30038FBF5 /* Build configuration list for PBXProject "TestBlink" */;
			compatibilityVersion = "Xcode 14.0";
			developmentRegion = en;
			hasScannedForEncodings = 0;
			knownRegions = (
				en,
				Base,
			);
			mainGroup = 1187E3C12BB41AB30038FBF5;
			packageReferences = (
				D918E51B2BBBB2F60046A806 /* XCRemoteSwiftPackageReference "swiftui-drawer" */,
			);
			productRefGroup = 1187E3CB2BB41AB30038FBF5 /* Products */;
			projectDirPath = "";
			projectRoot = "";
			targets = (
				1187E3C92BB41AB30038FBF5 /* TestBlink */,
				1187E3DA2BB41AB50038FBF5 /* TestBlinkTests */,
				1187E3E42BB41AB50038FBF5 /* TestBlinkUITests */,
			);
		};
/* End PBXProject section */

/* Begin PBXResourcesBuildPhase section */
		1187E3C82BB41AB30038FBF5 /* Resources */ = {
			isa = PBXResourcesBuildPhase;
			buildActionMask = 2147483647;
			files = (
				D92E2DF52BBAFF990073FA14 /* Poppins-LightItalic.ttf in Resources */,
				D92E2DF02BBAFF990073FA14 /* Poppins-ExtraBoldItalic.ttf in Resources */,
				D92E2DEA2BBAFF990073FA14 /* OFL.txt in Resources */,
				D92E2DED2BBAFF990073FA14 /* Poppins-Bold.ttf in Resources */,
				D92E2DF72BBAFF990073FA14 /* Poppins-MediumItalic.ttf in Resources */,
				D92E2DF32BBAFF990073FA14 /* Poppins-Italic.ttf in Resources */,
				1187E3FB2BB48D020038FBF5 /* Blink.svg in Resources */,
				11E1FD682BB5E58D00BC39C9 /* SF-Pro-Display-Bold.otf in Resources */,
				D92E2DEB2BBAFF990073FA14 /* Poppins-Black.ttf in Resources */,
				D92E2DFC2BBAFF990073FA14 /* Poppins-ThinItalic.ttf in Resources */,
				D92E2DEC2BBAFF990073FA14 /* Poppins-BlackItalic.ttf in Resources */,
				1187E3D62BB41AB50038FBF5 /* Preview Assets.xcassets in Resources */,
				D92E2DFA2BBAFF990073FA14 /* Poppins-SemiBoldItalic.ttf in Resources */,
				D92E2DF22BBAFF990073FA14 /* Poppins-ExtraLightItalic.ttf in Resources */,
				D92E2DEF2BBAFF990073FA14 /* Poppins-ExtraBold.ttf in Resources */,
				D92E2DF42BBAFF990073FA14 /* Poppins-Light.ttf in Resources */,
				11E1FD672BB5E58D00BC39C9 /* SF-Pro-Display-Regular.otf in Resources */,
				D92E2DF92BBAFF990073FA14 /* Poppins-SemiBold.ttf in Resources */,
				1187E3D22BB41AB50038FBF5 /* Assets.xcassets in Resources */,
				D92E2DF62BBAFF990073FA14 /* Poppins-Medium.ttf in Resources */,
				D92E2DFB2BBAFF990073FA14 /* Poppins-Thin.ttf in Resources */,
				D92E2DEE2BBAFF990073FA14 /* Poppins-BoldItalic.ttf in Resources */,
				D92E2DF12BBAFF990073FA14 /* Poppins-ExtraLight.ttf in Resources */,
				D92E2DF82BBAFF990073FA14 /* Poppins-Regular.ttf in Resources */,
			);
			runOnlyForDeploymentPostprocessing = 0;
		};
		1187E3D92BB41AB50038FBF5 /* Resources */ = {
			isa = PBXResourcesBuildPhase;
			buildActionMask = 2147483647;
			files = (
			);
			runOnlyForDeploymentPostprocessing = 0;
		};
		1187E3E32BB41AB50038FBF5 /* Resources */ = {
			isa = PBXResourcesBuildPhase;
			buildActionMask = 2147483647;
			files = (
			);
			runOnlyForDeploymentPostprocessing = 0;
		};
/* End PBXResourcesBuildPhase section */

/* Begin PBXSourcesBuildPhase section */
		1187E3C62BB41AB30038FBF5 /* Sources */ = {
			isa = PBXSourcesBuildPhase;
			buildActionMask = 2147483647;
			files = (
				D92E2E1D2BBB042E0073FA14 /* SettingScreen.swift in Sources */,
				D92E2E1F2BBB07B50073FA14 /* LogoView.swift in Sources */,
				D92E2E0E2BBB01E10073FA14 /* Bus.swift in Sources */,
				D92E2E192BBB04070073FA14 /* ScheduleScreen.swift in Sources */,
				1187E3D02BB41AB30038FBF5 /* ContentView.swift in Sources */,
				D918E51A2BBBB2170046A806 /* DrawerView.swift in Sources */,
				1187E3CE2BB41AB30038FBF5 /* TestBlinkApp.swift in Sources */,
				D92E2E072BBB016D0073FA14 /* GlobalValueProvider.swift in Sources */,
				D92E2E012BBB011F0073FA14 /* BusRepository.swift in Sources */,
				D92E2E1B2BBB041C0073FA14 /* FullRoutesScreen.swift in Sources */,
				D92E2E032BBB01480073FA14 /* BusStopRepository.swift in Sources */,
				118355022BB85FF800DA1DBC /* LocationManager.swift in Sources */,
				D92E2E052BBB01590073FA14 /* RepositoryProtocol.swift in Sources */,
				D92E2E0B2BBB01BC0073FA14 /* RouteController.swift in Sources */,
				D92E2E102BBB01EF0073FA14 /* Route.swift in Sources */,
				D92E2E162BBB02270073FA14 /* Locations.swift in Sources */,
				D92E2DD52BBAFECD0073FA14 /* NavigationBar.swift in Sources */,
				D92E2E122BBB01F90073FA14 /* BusStop.swift in Sources */,
				D92E2DFF2BBB00EA0073FA14 /* RouteRepository.swift in Sources */,
			);
			runOnlyForDeploymentPostprocessing = 0;
		};
		1187E3D72BB41AB50038FBF5 /* Sources */ = {
			isa = PBXSourcesBuildPhase;
			buildActionMask = 2147483647;
			files = (
				1187E3E02BB41AB50038FBF5 /* TestBlinkTests.swift in Sources */,
			);
			runOnlyForDeploymentPostprocessing = 0;
		};
		1187E3E12BB41AB50038FBF5 /* Sources */ = {
			isa = PBXSourcesBuildPhase;
			buildActionMask = 2147483647;
			files = (
				1187E3EA2BB41AB50038FBF5 /* TestBlinkUITests.swift in Sources */,
				1187E3EC2BB41AB50038FBF5 /* TestBlinkUITestsLaunchTests.swift in Sources */,
			);
			runOnlyForDeploymentPostprocessing = 0;
		};
/* End PBXSourcesBuildPhase section */

/* Begin PBXTargetDependency section */
		1187E3DD2BB41AB50038FBF5 /* PBXTargetDependency */ = {
			isa = PBXTargetDependency;
			target = 1187E3C92BB41AB30038FBF5 /* TestBlink */;
			targetProxy = 1187E3DC2BB41AB50038FBF5 /* PBXContainerItemProxy */;
		};
		1187E3E72BB41AB50038FBF5 /* PBXTargetDependency */ = {
			isa = PBXTargetDependency;
			target = 1187E3C92BB41AB30038FBF5 /* TestBlink */;
			targetProxy = 1187E3E62BB41AB50038FBF5 /* PBXContainerItemProxy */;
		};
/* End PBXTargetDependency section */

/* Begin XCBuildConfiguration section */
		1187E3ED2BB41AB50038FBF5 /* Debug */ = {
			isa = XCBuildConfiguration;
			buildSettings = {
				ALWAYS_SEARCH_USER_PATHS = NO;
				ASSETCATALOG_COMPILER_GENERATE_SWIFT_ASSET_SYMBOL_EXTENSIONS = YES;
				CLANG_ANALYZER_NONNULL = YES;
				CLANG_ANALYZER_NUMBER_OBJECT_CONVERSION = YES_AGGRESSIVE;
				CLANG_CXX_LANGUAGE_STANDARD = "gnu++20";
				CLANG_ENABLE_MODULES = YES;
				CLANG_ENABLE_OBJC_ARC = YES;
				CLANG_ENABLE_OBJC_WEAK = YES;
				CLANG_WARN_BLOCK_CAPTURE_AUTORELEASING = YES;
				CLANG_WARN_BOOL_CONVERSION = YES;
				CLANG_WARN_COMMA = YES;
				CLANG_WARN_CONSTANT_CONVERSION = YES;
				CLANG_WARN_DEPRECATED_OBJC_IMPLEMENTATIONS = YES;
				CLANG_WARN_DIRECT_OBJC_ISA_USAGE = YES_ERROR;
				CLANG_WARN_DOCUMENTATION_COMMENTS = YES;
				CLANG_WARN_EMPTY_BODY = YES;
				CLANG_WARN_ENUM_CONVERSION = YES;
				CLANG_WARN_INFINITE_RECURSION = YES;
				CLANG_WARN_INT_CONVERSION = YES;
				CLANG_WARN_NON_LITERAL_NULL_CONVERSION = YES;
				CLANG_WARN_OBJC_IMPLICIT_RETAIN_SELF = YES;
				CLANG_WARN_OBJC_LITERAL_CONVERSION = YES;
				CLANG_WARN_OBJC_ROOT_CLASS = YES_ERROR;
				CLANG_WARN_QUOTED_INCLUDE_IN_FRAMEWORK_HEADER = YES;
				CLANG_WARN_RANGE_LOOP_ANALYSIS = YES;
				CLANG_WARN_STRICT_PROTOTYPES = YES;
				CLANG_WARN_SUSPICIOUS_MOVE = YES;
				CLANG_WARN_UNGUARDED_AVAILABILITY = YES_AGGRESSIVE;
				CLANG_WARN_UNREACHABLE_CODE = YES;
				CLANG_WARN__DUPLICATE_METHOD_MATCH = YES;
				COPY_PHASE_STRIP = NO;
				DEAD_CODE_STRIPPING = YES;
				DEBUG_INFORMATION_FORMAT = dwarf;
				ENABLE_STRICT_OBJC_MSGSEND = YES;
				ENABLE_TESTABILITY = YES;
				ENABLE_USER_SCRIPT_SANDBOXING = YES;
				GCC_C_LANGUAGE_STANDARD = gnu17;
				GCC_DYNAMIC_NO_PIC = NO;
				GCC_NO_COMMON_BLOCKS = YES;
				GCC_OPTIMIZATION_LEVEL = 0;
				GCC_PREPROCESSOR_DEFINITIONS = (
					"DEBUG=1",
					"$(inherited)",
				);
				GCC_WARN_64_TO_32_BIT_CONVERSION = YES;
				GCC_WARN_ABOUT_RETURN_TYPE = YES_ERROR;
				GCC_WARN_UNDECLARED_SELECTOR = YES;
				GCC_WARN_UNINITIALIZED_AUTOS = YES_AGGRESSIVE;
				GCC_WARN_UNUSED_FUNCTION = YES;
				GCC_WARN_UNUSED_VARIABLE = YES;
				IPHONEOS_DEPLOYMENT_TARGET = 17.2;
				LOCALIZATION_PREFERS_STRING_CATALOGS = YES;
				MTL_ENABLE_DEBUG_INFO = INCLUDE_SOURCE;
				MTL_FAST_MATH = YES;
				ONLY_ACTIVE_ARCH = YES;
				SWIFT_ACTIVE_COMPILATION_CONDITIONS = "DEBUG $(inherited)";
				SWIFT_OPTIMIZATION_LEVEL = "-Onone";
			};
			name = Debug;
		};
		1187E3EE2BB41AB50038FBF5 /* Release */ = {
			isa = XCBuildConfiguration;
			buildSettings = {
				ALWAYS_SEARCH_USER_PATHS = NO;
				ASSETCATALOG_COMPILER_GENERATE_SWIFT_ASSET_SYMBOL_EXTENSIONS = YES;
				CLANG_ANALYZER_NONNULL = YES;
				CLANG_ANALYZER_NUMBER_OBJECT_CONVERSION = YES_AGGRESSIVE;
				CLANG_CXX_LANGUAGE_STANDARD = "gnu++20";
				CLANG_ENABLE_MODULES = YES;
				CLANG_ENABLE_OBJC_ARC = YES;
				CLANG_ENABLE_OBJC_WEAK = YES;
				CLANG_WARN_BLOCK_CAPTURE_AUTORELEASING = YES;
				CLANG_WARN_BOOL_CONVERSION = YES;
				CLANG_WARN_COMMA = YES;
				CLANG_WARN_CONSTANT_CONVERSION = YES;
				CLANG_WARN_DEPRECATED_OBJC_IMPLEMENTATIONS = YES;
				CLANG_WARN_DIRECT_OBJC_ISA_USAGE = YES_ERROR;
				CLANG_WARN_DOCUMENTATION_COMMENTS = YES;
				CLANG_WARN_EMPTY_BODY = YES;
				CLANG_WARN_ENUM_CONVERSION = YES;
				CLANG_WARN_INFINITE_RECURSION = YES;
				CLANG_WARN_INT_CONVERSION = YES;
				CLANG_WARN_NON_LITERAL_NULL_CONVERSION = YES;
				CLANG_WARN_OBJC_IMPLICIT_RETAIN_SELF = YES;
				CLANG_WARN_OBJC_LITERAL_CONVERSION = YES;
				CLANG_WARN_OBJC_ROOT_CLASS = YES_ERROR;
				CLANG_WARN_QUOTED_INCLUDE_IN_FRAMEWORK_HEADER = YES;
				CLANG_WARN_RANGE_LOOP_ANALYSIS = YES;
				CLANG_WARN_STRICT_PROTOTYPES = YES;
				CLANG_WARN_SUSPICIOUS_MOVE = YES;
				CLANG_WARN_UNGUARDED_AVAILABILITY = YES_AGGRESSIVE;
				CLANG_WARN_UNREACHABLE_CODE = YES;
				CLANG_WARN__DUPLICATE_METHOD_MATCH = YES;
				COPY_PHASE_STRIP = NO;
				DEAD_CODE_STRIPPING = YES;
				DEBUG_INFORMATION_FORMAT = "dwarf-with-dsym";
				ENABLE_NS_ASSERTIONS = NO;
				ENABLE_STRICT_OBJC_MSGSEND = YES;
				ENABLE_USER_SCRIPT_SANDBOXING = YES;
				GCC_C_LANGUAGE_STANDARD = gnu17;
				GCC_NO_COMMON_BLOCKS = YES;
				GCC_WARN_64_TO_32_BIT_CONVERSION = YES;
				GCC_WARN_ABOUT_RETURN_TYPE = YES_ERROR;
				GCC_WARN_UNDECLARED_SELECTOR = YES;
				GCC_WARN_UNINITIALIZED_AUTOS = YES_AGGRESSIVE;
				GCC_WARN_UNUSED_FUNCTION = YES;
				GCC_WARN_UNUSED_VARIABLE = YES;
				IPHONEOS_DEPLOYMENT_TARGET = 17.2;
				LOCALIZATION_PREFERS_STRING_CATALOGS = YES;
				MTL_ENABLE_DEBUG_INFO = NO;
				MTL_FAST_MATH = YES;
				SWIFT_COMPILATION_MODE = wholemodule;
			};
			name = Release;
		};
		1187E3F02BB41AB50038FBF5 /* Debug */ = {
			isa = XCBuildConfiguration;
			buildSettings = {
				ASSETCATALOG_COMPILER_APPICON_NAME = AppIcon;
				ASSETCATALOG_COMPILER_GLOBAL_ACCENT_COLOR_NAME = AccentColor;
				CODE_SIGN_ENTITLEMENTS = TestBlink/TestBlink.entitlements;
				CODE_SIGN_STYLE = Automatic;
				CURRENT_PROJECT_VERSION = 1;
				DEAD_CODE_STRIPPING = YES;
				DEVELOPMENT_ASSET_PATHS = "\"TestBlink/Preview Content\"";
				ENABLE_PREVIEWS = YES;
				GENERATE_INFOPLIST_FILE = YES;
				INFOPLIST_FILE = TestBlink/Info.plist;
				INFOPLIST_KEY_NSLocationWhenInUseUsageDescription = "";
				"INFOPLIST_KEY_UIApplicationSceneManifest_Generation[sdk=iphoneos*]" = YES;
				"INFOPLIST_KEY_UIApplicationSceneManifest_Generation[sdk=iphonesimulator*]" = YES;
				"INFOPLIST_KEY_UIApplicationSupportsIndirectInputEvents[sdk=iphoneos*]" = YES;
				"INFOPLIST_KEY_UIApplicationSupportsIndirectInputEvents[sdk=iphonesimulator*]" = YES;
				"INFOPLIST_KEY_UILaunchScreen_Generation[sdk=iphoneos*]" = YES;
				"INFOPLIST_KEY_UILaunchScreen_Generation[sdk=iphonesimulator*]" = YES;
				"INFOPLIST_KEY_UIStatusBarStyle[sdk=iphoneos*]" = UIStatusBarStyleDefault;
				"INFOPLIST_KEY_UIStatusBarStyle[sdk=iphonesimulator*]" = UIStatusBarStyleDefault;
				INFOPLIST_KEY_UISupportedInterfaceOrientations_iPad = "UIInterfaceOrientationPortrait UIInterfaceOrientationPortraitUpsideDown UIInterfaceOrientationLandscapeLeft UIInterfaceOrientationLandscapeRight";
				INFOPLIST_KEY_UISupportedInterfaceOrientations_iPhone = "UIInterfaceOrientationPortrait UIInterfaceOrientationLandscapeLeft UIInterfaceOrientationLandscapeRight";
				IPHONEOS_DEPLOYMENT_TARGET = 17.2;
				LD_RUNPATH_SEARCH_PATHS = "@executable_path/Frameworks";
				"LD_RUNPATH_SEARCH_PATHS[sdk=macosx*]" = "@executable_path/../Frameworks";
				MACOSX_DEPLOYMENT_TARGET = 14.2;
				MARKETING_VERSION = 1.0;
				PRODUCT_BUNDLE_IDENTIFIER = fan4.TestBlink;
				PRODUCT_NAME = "$(TARGET_NAME)";
				SDKROOT = auto;
				SUPPORTED_PLATFORMS = "iphonesimulator iphoneos";
				SWIFT_EMIT_LOC_STRINGS = YES;
				SWIFT_VERSION = 5.0;
				TARGETED_DEVICE_FAMILY = "1,2";
			};
			name = Debug;
		};
		1187E3F12BB41AB50038FBF5 /* Release */ = {
			isa = XCBuildConfiguration;
			buildSettings = {
				ASSETCATALOG_COMPILER_APPICON_NAME = AppIcon;
				ASSETCATALOG_COMPILER_GLOBAL_ACCENT_COLOR_NAME = AccentColor;
				CODE_SIGN_ENTITLEMENTS = TestBlink/TestBlink.entitlements;
				CODE_SIGN_STYLE = Automatic;
				CURRENT_PROJECT_VERSION = 1;
				DEAD_CODE_STRIPPING = YES;
				DEVELOPMENT_ASSET_PATHS = "\"TestBlink/Preview Content\"";
				ENABLE_PREVIEWS = YES;
				GENERATE_INFOPLIST_FILE = YES;
				INFOPLIST_FILE = TestBlink/Info.plist;
				INFOPLIST_KEY_NSLocationWhenInUseUsageDescription = "";
				"INFOPLIST_KEY_UIApplicationSceneManifest_Generation[sdk=iphoneos*]" = YES;
				"INFOPLIST_KEY_UIApplicationSceneManifest_Generation[sdk=iphonesimulator*]" = YES;
				"INFOPLIST_KEY_UIApplicationSupportsIndirectInputEvents[sdk=iphoneos*]" = YES;
				"INFOPLIST_KEY_UIApplicationSupportsIndirectInputEvents[sdk=iphonesimulator*]" = YES;
				"INFOPLIST_KEY_UILaunchScreen_Generation[sdk=iphoneos*]" = YES;
				"INFOPLIST_KEY_UILaunchScreen_Generation[sdk=iphonesimulator*]" = YES;
				"INFOPLIST_KEY_UIStatusBarStyle[sdk=iphoneos*]" = UIStatusBarStyleDefault;
				"INFOPLIST_KEY_UIStatusBarStyle[sdk=iphonesimulator*]" = UIStatusBarStyleDefault;
				INFOPLIST_KEY_UISupportedInterfaceOrientations_iPad = "UIInterfaceOrientationPortrait UIInterfaceOrientationPortraitUpsideDown UIInterfaceOrientationLandscapeLeft UIInterfaceOrientationLandscapeRight";
				INFOPLIST_KEY_UISupportedInterfaceOrientations_iPhone = "UIInterfaceOrientationPortrait UIInterfaceOrientationLandscapeLeft UIInterfaceOrientationLandscapeRight";
				IPHONEOS_DEPLOYMENT_TARGET = 17.2;
				LD_RUNPATH_SEARCH_PATHS = "@executable_path/Frameworks";
				"LD_RUNPATH_SEARCH_PATHS[sdk=macosx*]" = "@executable_path/../Frameworks";
				MACOSX_DEPLOYMENT_TARGET = 14.2;
				MARKETING_VERSION = 1.0;
				PRODUCT_BUNDLE_IDENTIFIER = fan4.TestBlink;
				PRODUCT_NAME = "$(TARGET_NAME)";
				SDKROOT = auto;
				SUPPORTED_PLATFORMS = "iphonesimulator iphoneos";
				SWIFT_EMIT_LOC_STRINGS = YES;
				SWIFT_VERSION = 5.0;
				TARGETED_DEVICE_FAMILY = "1,2";
			};
			name = Release;
		};
		1187E3F32BB41AB50038FBF5 /* Debug */ = {
			isa = XCBuildConfiguration;
			buildSettings = {
				ALWAYS_EMBED_SWIFT_STANDARD_LIBRARIES = YES;
				BUNDLE_LOADER = "$(TEST_HOST)";
				CODE_SIGN_STYLE = Automatic;
				CURRENT_PROJECT_VERSION = 1;
				DEAD_CODE_STRIPPING = YES;
				GENERATE_INFOPLIST_FILE = YES;
				IPHONEOS_DEPLOYMENT_TARGET = 17.2;
				MACOSX_DEPLOYMENT_TARGET = 14.2;
				MARKETING_VERSION = 1.0;
				PRODUCT_BUNDLE_IDENTIFIER = fan4.TestBlinkTests;
				PRODUCT_NAME = "$(TARGET_NAME)";
				SDKROOT = auto;
				SUPPORTED_PLATFORMS = "iphoneos iphonesimulator";
				SUPPORTS_MACCATALYST = NO;
				SWIFT_EMIT_LOC_STRINGS = NO;
				SWIFT_VERSION = 5.0;
				TARGETED_DEVICE_FAMILY = "1,2";
				TEST_HOST = "$(BUILT_PRODUCTS_DIR)/TestBlink.app/$(BUNDLE_EXECUTABLE_FOLDER_PATH)/TestBlink";
			};
			name = Debug;
		};
		1187E3F42BB41AB50038FBF5 /* Release */ = {
			isa = XCBuildConfiguration;
			buildSettings = {
				ALWAYS_EMBED_SWIFT_STANDARD_LIBRARIES = YES;
				BUNDLE_LOADER = "$(TEST_HOST)";
				CODE_SIGN_STYLE = Automatic;
				CURRENT_PROJECT_VERSION = 1;
				DEAD_CODE_STRIPPING = YES;
				GENERATE_INFOPLIST_FILE = YES;
				IPHONEOS_DEPLOYMENT_TARGET = 17.2;
				MACOSX_DEPLOYMENT_TARGET = 14.2;
				MARKETING_VERSION = 1.0;
				PRODUCT_BUNDLE_IDENTIFIER = fan4.TestBlinkTests;
				PRODUCT_NAME = "$(TARGET_NAME)";
				SDKROOT = auto;
				SUPPORTED_PLATFORMS = "iphoneos iphonesimulator";
				SUPPORTS_MACCATALYST = NO;
				SWIFT_EMIT_LOC_STRINGS = NO;
				SWIFT_VERSION = 5.0;
				TARGETED_DEVICE_FAMILY = "1,2";
				TEST_HOST = "$(BUILT_PRODUCTS_DIR)/TestBlink.app/$(BUNDLE_EXECUTABLE_FOLDER_PATH)/TestBlink";
			};
			name = Release;
		};
		1187E3F62BB41AB50038FBF5 /* Debug */ = {
			isa = XCBuildConfiguration;
			buildSettings = {
				ALWAYS_EMBED_SWIFT_STANDARD_LIBRARIES = YES;
				CODE_SIGN_STYLE = Automatic;
				CURRENT_PROJECT_VERSION = 1;
				DEAD_CODE_STRIPPING = YES;
				GENERATE_INFOPLIST_FILE = YES;
				IPHONEOS_DEPLOYMENT_TARGET = 17.2;
				MACOSX_DEPLOYMENT_TARGET = 14.2;
				MARKETING_VERSION = 1.0;
				PRODUCT_BUNDLE_IDENTIFIER = fan4.TestBlinkUITests;
				PRODUCT_NAME = "$(TARGET_NAME)";
				SDKROOT = auto;
				SUPPORTED_PLATFORMS = "iphoneos iphonesimulator";
				SUPPORTS_MACCATALYST = NO;
				SWIFT_EMIT_LOC_STRINGS = NO;
				SWIFT_VERSION = 5.0;
				TARGETED_DEVICE_FAMILY = "1,2";
				TEST_TARGET_NAME = TestBlink;
			};
			name = Debug;
		};
		1187E3F72BB41AB50038FBF5 /* Release */ = {
			isa = XCBuildConfiguration;
			buildSettings = {
				ALWAYS_EMBED_SWIFT_STANDARD_LIBRARIES = YES;
				CODE_SIGN_STYLE = Automatic;
				CURRENT_PROJECT_VERSION = 1;
				DEAD_CODE_STRIPPING = YES;
				GENERATE_INFOPLIST_FILE = YES;
				IPHONEOS_DEPLOYMENT_TARGET = 17.2;
				MACOSX_DEPLOYMENT_TARGET = 14.2;
				MARKETING_VERSION = 1.0;
				PRODUCT_BUNDLE_IDENTIFIER = fan4.TestBlinkUITests;
				PRODUCT_NAME = "$(TARGET_NAME)";
				SDKROOT = auto;
				SUPPORTED_PLATFORMS = "iphoneos iphonesimulator";
				SUPPORTS_MACCATALYST = NO;
				SWIFT_EMIT_LOC_STRINGS = NO;
				SWIFT_VERSION = 5.0;
				TARGETED_DEVICE_FAMILY = "1,2";
				TEST_TARGET_NAME = TestBlink;
			};
			name = Release;
		};
/* End XCBuildConfiguration section */

/* Begin XCConfigurationList section */
		1187E3C52BB41AB30038FBF5 /* Build configuration list for PBXProject "TestBlink" */ = {
			isa = XCConfigurationList;
			buildConfigurations = (
				1187E3ED2BB41AB50038FBF5 /* Debug */,
				1187E3EE2BB41AB50038FBF5 /* Release */,
			);
			defaultConfigurationIsVisible = 0;
			defaultConfigurationName = Release;
		};
		1187E3EF2BB41AB50038FBF5 /* Build configuration list for PBXNativeTarget "TestBlink" */ = {
			isa = XCConfigurationList;
			buildConfigurations = (
				1187E3F02BB41AB50038FBF5 /* Debug */,
				1187E3F12BB41AB50038FBF5 /* Release */,
			);
			defaultConfigurationIsVisible = 0;
			defaultConfigurationName = Release;
		};
		1187E3F22BB41AB50038FBF5 /* Build configuration list for PBXNativeTarget "TestBlinkTests" */ = {
			isa = XCConfigurationList;
			buildConfigurations = (
				1187E3F32BB41AB50038FBF5 /* Debug */,
				1187E3F42BB41AB50038FBF5 /* Release */,
			);
			defaultConfigurationIsVisible = 0;
			defaultConfigurationName = Release;
		};
		1187E3F52BB41AB50038FBF5 /* Build configuration list for PBXNativeTarget "TestBlinkUITests" */ = {
			isa = XCConfigurationList;
			buildConfigurations = (
				1187E3F62BB41AB50038FBF5 /* Debug */,
				1187E3F72BB41AB50038FBF5 /* Release */,
			);
			defaultConfigurationIsVisible = 0;
			defaultConfigurationName = Release;
		};
/* End XCConfigurationList section */

/* Begin XCRemoteSwiftPackageReference section */
		D918E51B2BBBB2F60046A806 /* XCRemoteSwiftPackageReference "swiftui-drawer" */ = {
			isa = XCRemoteSwiftPackageReference;
			repositoryURL = "https://github.com/maustinstar/swiftui-drawer.git";
			requirement = {
				branch = master;
				kind = branch;
			};
		};
/* End XCRemoteSwiftPackageReference section */

/* Begin XCSwiftPackageProductDependency section */
		D918E51C2BBBB2F60046A806 /* Drawer */ = {
			isa = XCSwiftPackageProductDependency;
			package = D918E51B2BBBB2F60046A806 /* XCRemoteSwiftPackageReference "swiftui-drawer" */;
			productName = Drawer;
		};
/* End XCSwiftPackageProductDependency section */
	};
	rootObject = 1187E3C22BB41AB30038FBF5 /* Project object */;
}
